dependencies:
  bblanchon/arduinojson:
    component_hash: c111ebf785c5e3cb5a3f8902584b03e25d929a3651976b5a57054bfa941ffc74
    source:
      service_url: https://api.components.espressif.com/
      type: service
    version: 6.21.3
  espressif/esp-zboss-lib:
    component_hash: e8e02c5feadaaffb1945af2e2738a00cf3d41fcce91f036263ecf2b2c92280a4
    source:
      service_url: https://api.components.espressif.com/
      type: service
    version: 1.0.1
  espressif/esp-zigbee-lib:
    component_hash: d15d2b0dbf48508fb9e1f43fddf1ca623b2332f005e2511b2de3d1cc1227af75
    source:
      service_url: https://api.components.espressif.com/
      type: service
    version: 1.0.1
  espressif/led_strip:
    component_hash: d4b518a9dc428ef4dd56efa2f2b98cc3e3119bc75da848166e6150c763987262
    source:
      service_url: https://api.components.espressif.com/
      type: service
    version: 2.5.1
  idf:
    component_hash: null
    source:
      type: idf
    version: 5.1.1
manifest_hash: dfdcafccd0511d2ef54f939368b26f39e9a99ab9de2b610cc0de5888ca3d79b8
target: esp32c6
version: 1.0.0
