dependencies:
  espressif/esp-zboss-lib:
    component_hash: e783cb104e04ac85928c77e82559c20df6d72ff7e08755bfefc3cc60a01d5ffb
    source:
      service_url: https://api.components.espressif.com/
      type: service
    version: 1.0.2
  espressif/esp-zigbee-lib:
    component_hash: 260818ca846f113b324d4af718db6db3225598c807b63622ec0244a8222bd506
    source:
      service_url: https://api.components.espressif.com/
      type: service
    version: 1.0.3
  espressif/led_strip:
    component_hash: ed1d5c6113fa545e20c7be17e6e7c09d43b18fcb43068e2b2b27a412de6a405a
    source:
      service_url: https://api.components.espressif.com/
      type: service
    version: 2.5.2
  idf:
    component_hash: null
    source:
      type: idf
    version: 5.1.2
manifest_hash: d3478007cdf8f8255d1d575a6985852cbd9847edc4177136095aec01cc90b4f1
target: esp32c6
version: 1.0.0
